{
    "_meta": {
        "hash": {
            "sha256": "b09616d0e83a4daf0539a0247e8082453e21258b67786ed9c31b5cc3a0baf037"
        },
        "pipfile-spec": 6,
        "requires": {
            "python_version": "3.7"
        },
        "sources": [
            {
                "name": "pypi",
                "url": "https://pypi.org/simple",
                "verify_ssl": true
            }
        ]
    },
    "default": {
        "attrs": {
            "hashes": [
                "sha256:10cbf6e27dbce8c30807caf056c8eb50917e0eaafe86347671b57254006c3e69",
                "sha256:ca4be454458f9dec299268d472aaa5a11f67a4ff70093396e1ceae9c76cf4bbb"
            ],
            "version": "==18.2.0"
        },
        "avro-cwl": {
            "hashes": [
                "sha256:0334de2f44166b449bd2ea29d525ffe531146d7e2aad84c2b0eee081f636c7f4",
                "sha256:cefd60eda80360a502d3d81a24d3ea7c9be415d7fd959f2bdf253adcbc5162a9"
            ],
            "markers": "python_version >= '3'",
            "version": "==1.8.4"
        },
        "bagit": {
            "hashes": [
                "sha256:f248a3dad06fd3e5d329217baace6ade79d106579696b13e2c0bbc583101ded4",
                "sha256:f82d9611e18a6c9326f34a9053b179bd23c3b942b6dfef692a5334d26f036936"
            ],
            "version": "==1.7.0"
        },
        "cachecontrol": {
            "hashes": [
                "sha256:8f7829d92584f1f2360ebfff4517ee359787d5b7dfa2ef9579f871b628745a1e"
            ],
            "markers": "python_version != '3.2.*' and python_version != '3.1.*' and python_version != '3.3.*' and python_version < '4' and python_version != '3.0.*' and python_version >= '2.6'",
            "version": "==0.11.7"
        },
        "certifi": {
            "hashes": [
                "sha256:376690d6f16d32f9d1fe8932551d80b23e9d393a8578c5633a2ed39a64861638",
                "sha256:456048c7e371c089d0a77a5212fb37a2c2dce1e24146e3b7e0261736aaeaa22a"
            ],
            "version": "==2018.8.24"
        },
        "chardet": {
            "hashes": [
                "sha256:84ab92ed1c4d4f16916e05906b6b75a6c0fb5db821cc65e70cbd64a3e2a5eaae",
                "sha256:fc323ffcaeaed0e0a02bf4d117757b98aed530d9ed4531e3e15460124c106691"
            ],
            "version": "==3.0.4"
        },
        "click": {
            "hashes": [
                "sha256:29f99fc6125fbc931b758dc053b3114e55c77a6e4c6c3a2674a2dc986016381d",
                "sha256:f15516df478d5a56180fbf80e68f206010e6d160fc39fa508b65e035fd75130b"
            ],
            "version": "==6.7"
        },
        "cwltool": {
            "hashes": [
                "sha256:4e35255551670936d65b81bb4efcbb017eecb21449afa6af733700252dda6b27",
                "sha256:bb3426c5338d5a4e8ab18482177c6d5755000144cefda799d7c0f289b4d0ddb9"
            ],
            "version": "==1.0.20180820141117"
        },
        "decorator": {
            "hashes": [
                "sha256:2c51dff8ef3c447388fe5e4453d24a2bf128d3a4c32af3fabef1f01c6851ab82",
                "sha256:c39efa13fbdeb4506c476c9b3babf6a718da943dab7811c206005a4a956c080c"
            ],
            "version": "==4.3.0"
        },
        "environ-config": {
            "hashes": [
                "sha256:1bdec05c515676e0de2b794c10de4ceee9709b416945646a1f5bed5714a9cc29",
                "sha256:45600572905e9785b0911ce0a563c2a8f6e589824f50d8d3541bd413f432e13e"
            ],
            "version": "==18.2.0"
        },
        "filelock": {
            "hashes": [
                "sha256:43531c580b8ad7bc830b5ea921b6aca8197d2d982b67b940359d9b4d546e5a9a",
                "sha256:e2631e0beb9b3095510c2c25b10a5f3011f65e8d6ff9a145799a27d03dfa70ee"
            ],
            "version": "==3.0.8"
        },
        "future": {
            "hashes": [
                "sha256:e39ced1ab767b5936646cedba8bcce582398233d6a627067d4c6a454c90cfedb"
            ],
            "markers": "python_version >= '3'",
            "version": "==0.16.0"
        },
        "gitdb2": {
            "hashes": [
                "sha256:87783b7f4a8f6b71c7fe81d32179b3c8781c1a7d6fa0c69bff2f315b00aff4f8",
                "sha256:bb4c85b8a58531c51373c89f92163b92f30f81369605a67cd52d1fc21246c044"
            ],
            "version": "==2.0.4"
        },
        "gitpython": {
            "hashes": [
                "sha256:563221e5a44369c6b79172f455584c9ebbb122a13368cc82cb4b5addff788f82",
                "sha256:8237dc5bfd6f1366abeee5624111b9d6879393d84745a507de0fda86043b65a8"
            ],
            "version": "==2.1.11"
        },
        "idna": {
            "hashes": [
                "sha256:156a6814fb5ac1fc6850fb002e0852d56c0c8d2531923a51032d1b70760e186e",
                "sha256:684a38a6f903c1d71d6d5fac066b58d7768af4de2b832e426ec79c30daa94a16"
            ],
            "version": "==2.7"
        },
        "isodate": {
            "hashes": [
                "sha256:2e364a3d5759479cdb2d37cce6b9376ea504db2ff90252a2e5b7cc89cc9ff2d8",
                "sha256:aa4d33c06640f5352aca96e4b81afd8ab3b47337cc12089822d6f322ac772c81"
            ],
            "version": "==0.6.0"
        },
        "lockfile": {
            "hashes": [
                "sha256:6aed02de03cba24efabcd600b30540140634fc06cfa603822d508d5361e9f799",
                "sha256:6c3cb24f344923d30b2785d5ad75182c8ea7ac1b6171b08657258ec7429d50fa"
            ],
            "version": "==0.12.2"
        },
        "lxml": {
            "hashes": [
                "sha256:02bc220d61f46e9b9d5a53c361ef95e9f5e1d27171cd461dddb17677ae2289a5",
                "sha256:22f253b542a342755f6cfc047fe4d3a296515cf9b542bc6e261af45a80b8caf6",
                "sha256:2f31145c7ff665b330919bfa44aacd3a0211a76ca7e7b441039d2a0b0451e415",
                "sha256:36720698c29e7a9626a0dc802ef8885f8f0239bfd1689628ecd459a061f2807f",
                "sha256:438a1b0203545521f6616132bfe0f4bca86f8a401364008b30e2b26ec408ce85",
                "sha256:4815892904c336bbaf73dafd54f45f69f4021c22b5bad7332176bbf4fb830568",
                "sha256:5be031b0f15ad63910d8e5038b489d95a79929513b3634ad4babf77100602588",
                "sha256:5c93ae37c3c588e829b037fdfbd64a6e40c901d3f93f7beed6d724c44829a3ad",
                "sha256:60842230678674cdac4a1cf0f707ef12d75b9a4fc4a565add4f710b5fcf185d5",
                "sha256:62939a8bb6758d1bf923aa1c13f0bcfa9bf5b2fc0f5fa917a6e25db5fe0cfa4e",
                "sha256:75830c06a62fe7b8fe3bbb5f269f0b308f19f3949ac81cfd40062f47c1455faf",
                "sha256:81992565b74332c7c1aff6a913a3e906771aa81c9d0c68c68113cffcae45bc53",
                "sha256:8c892fb0ee52c594d9a7751c7d7356056a9682674b92cc1c4dc968ff0f30c52f",
                "sha256:9d862e3cf4fc1f2837dedce9c42269c8c76d027e49820a548ac89fdcee1e361f",
                "sha256:a623965c086a6e91bb703d4da62dabe59fe88888e82c4117d544e11fd74835d6",
                "sha256:a7783ab7f6a508b0510490cef9f857b763d796ba7476d9703f89722928d1e113",
                "sha256:aab09fbe8abfa3b9ce62aaf45aca2d28726b1b9ee44871dbe644050a2fff4940",
                "sha256:abf181934ac3ef193832fb973fd7f6149b5c531903c2ec0f1220941d73eee601",
                "sha256:ae07fa0c115733fce1e9da96a3ac3fa24801742ca17e917e0c79d63a01eeb843",
                "sha256:b9c78242219f674ab645ec571c9a95d70f381319a23911941cd2358a8e0521cf",
                "sha256:bccb267678b870d9782c3b44d0cefe3ba0e329f9af8c946d32bf3778e7a4f271",
                "sha256:c4df4d27f4c93b2cef74579f00b1d3a31a929c7d8023f870c4b476f03a274db4",
                "sha256:caf0e50b546bb60dfa99bb18dfa6748458a83131ecdceaf5c071d74907e7e78a",
                "sha256:d3266bd3ac59ac4edcd5fa75165dee80b94a3e5c91049df5f7c057ccf097551c",
                "sha256:db0d213987bcd4e6d41710fb4532b22315b0d8fb439ff901782234456556aed1",
                "sha256:dbbd5cf7690a40a9f0a9325ab480d0fccf46d16b378eefc08e195d84299bfae1",
                "sha256:e16e07a0ec3a75b5ee61f2b1003c35696738f937dc8148fbda9fe2147ccb6e61",
                "sha256:e175a006725c7faadbe69e791877d09936c0ef2cf49d01b60a6c1efcb0e8be6f",
                "sha256:edd9c13a97f6550f9da2236126bb51c092b3b1ce6187f2bd966533ad794bbb5e",
                "sha256:fa39ea60d527fbdd94215b5e5552f1c6a912624521093f1384a491a8ad89ad8b"
            ],
            "version": "==4.2.5"
        },
        "mistune": {
            "hashes": [
                "sha256:4ee2350e750acab4c4ae2fb16197f9f27b9a4740e87ed4ad9f7ecdc987bed9bc",
                "sha256:8517af9f5cd1857bb83f9a23da75aa516d7538c32a2c5d5c56f3789a9e4cd22f",
                "sha256:94b9f0c3c7f2bae302009d8bec2bb803daec8879e0ea2102630f5ea7ade2c96b",
                "sha256:9d21a8ad203c6d7253492518fde7e633c561fecd544301017ab4a5929452955b"
            ],
            "version": "==0.7.4"
        },
        "mypy-extensions": {
            "hashes": [
                "sha256:37e0e956f41369209a3d5f34580150bcacfabaa57b33a15c0b25f4b5725e0812",
                "sha256:b16cabe759f55e3409a7d231ebd2841378fb0c27a5d1994719e340e4f429ac3e"
            ],
            "version": "==0.4.1"
        },
        "networkx": {
            "hashes": [
                "sha256:45e56f7ab6fe81652fb4bc9f44faddb0e9025f469f602df14e3b2551c2ea5c8b"
            ],
            "version": "==2.2"
        },
        "prov": {
            "hashes": [
                "sha256:5c930cbbd05424aa3066d336dc31d314dd9fa0280caeab064288e592ed716bea",
                "sha256:7a2d72b0df43cd9c6e374d815c8ce3cd5ca371d54f98f837853ac9fcc98aee4c"
            ],
            "version": "==1.5.1"
        },
        "psutil": {
            "hashes": [
                "sha256:0d8da7333549a998556c18eb2af3ce902c28d66ceb947505c008f91e9f988abd",
                "sha256:1914bacbd2fc2af8f795daa44b9d2e0649a147460cfd21b1a70a124472f66d40",
                "sha256:215d61a901e67b1a35e14c6aedef317f7fa7e6075a20c150fd11bd2c906d2c83",
                "sha256:51057c03aea251ad6667c2bba259bc7ed3210222d3a74152c84e3ab06e1da0ba",
                "sha256:5b6322b167a5ba0c5463b4d30dfd379cd4ce245a1162ebf8fc7ab5c5ffae4f3b",
                "sha256:a890c3e490493f21da2817ffc92822693bc0d6bcac9999caa04ffce8dd4e7132",
                "sha256:b34611280a2d0697f1c499e15e936d88109170194b390599c98bab8072a71f05",
                "sha256:cea2557ee6a9faa2c100947637ded68414e12b851633c4ce26e0311b2a2ed539",
                "sha256:d081707ef0081920533db30200a2d30d5c0ea9cf6afa7cf8881ae4516cc69c48"
            ],
            "markers": "python_version != '3.2.*' and python_version != '3.1.*' and python_version != '3.3.*' and python_version != '3.0.*' and python_version >= '2.6'",
            "version": "==5.4.7"
        },
        "pydot": {
            "hashes": [
                "sha256:92d2e2d15531d00710f2d6fb5540d2acabc5399d464f2f20d5d21073af241eb6"
            ],
            "version": "==1.2.4"
        },
        "pyld": {
            "hashes": [
                "sha256:f50a08fc9be794e869f20e594311e6569be30bd3e3adc87a3f130cd9ba79228a"
            ],
            "version": "==1.0.3"
        },
        "pyparsing": {
            "hashes": [
                "sha256:905d8090c335314568b5faee0025b1829f27bb974604a5762a6cdef3a7dfc3b7",
                "sha256:f493ee323be1e94929416b3585eefcc04943115cecbaaa35a8c86d1a2368af19"
            ],
            "markers": "python_version != '3.1.*' and python_version != '3.0.*' and python_version >= '2.6' and python_version != '3.2.*'",
            "version": "==2.2.1"
        },
        "python-dateutil": {
            "hashes": [
                "sha256:1adb80e7a782c12e52ef9a8182bebeb73f1d7e24e374397af06fb4956c8dc5c0",
                "sha256:e27001de32f627c22380a688bcc43ce83504a7bc5da472209b4c70f02829f0b8"
            ],
            "version": "==2.7.3"
        },
        "pyyaml": {
            "hashes": [
                "sha256:3d7da3009c0f3e783b2c873687652d83b1bbfd5c88e9813fb7e5b03c0dd3108b",
                "sha256:3ef3092145e9b70e3ddd2c7ad59bdd0252a94dfe3949721633e41344de00a6bf",
                "sha256:40c71b8e076d0550b2e6380bada1f1cd1017b882f7e16f09a65be98e017f211a",
                "sha256:558dd60b890ba8fd982e05941927a3911dc409a63dcb8b634feaa0cda69330d3",
                "sha256:a7c28b45d9f99102fa092bb213aa12e0aaf9a6a1f5e395d36166639c1f96c3a1",
                "sha256:aa7dd4a6a427aed7df6fb7f08a580d68d9b118d90310374716ae90b710280af1",
                "sha256:bc558586e6045763782014934bfaf39d48b8ae85a2713117d16c39864085c613",
                "sha256:d46d7982b62e0729ad0175a9bc7e10a566fc07b224d2c79fafb5e032727eaa04",
                "sha256:d5eef459e30b09f5a098b9cea68bebfeb268697f78d647bd255a085371ac7f3f",
                "sha256:e01d3203230e1786cd91ccfdc8f8454c8069c91bee3962ad93b87a4b2860f537",
                "sha256:e170a9e6fcfd19021dd29845af83bb79236068bf5fd4df3327c1be18182b2531"
            ],
            "version": "==3.13"
        },
        "rdflib": {
            "hashes": [
                "sha256:58d5994610105a457cff7fdfe3d683d87786c5028a45ae032982498a7e913d6f",
                "sha256:da1df14552555c5c7715d8ce71c08f404c988c58a1ecd38552d0da4fc261280d"
            ],
            "version": "==4.2.2"
        },
        "rdflib-jsonld": {
            "hashes": [
                "sha256:144774786a2fc7de09b24a9309cbcccc78bc48b152536d2ea1c1df2ad715bc2d"
            ],
            "version": "==0.4.0"
        },
        "renku": {
            "editable": true,
            "path": "."
        },
        "requests": {
            "hashes": [
                "sha256:63b52e3c866428a224f97cab011de738c36aec0185aa91cfacd418b5d58911d1",
                "sha256:ec22d826a36ed72a7358ff3fe56cbd4ba69dd7a6718ffd450ff0e9df7a47ce6a"
            ],
            "markers": "python_version != '3.2.*' and python_version != '3.1.*' and python_version != '3.3.*' and python_version < '4' and python_version != '3.0.*' and python_version >= '2.6'",
            "version": "==2.19.1"
        },
        "ruamel.yaml": {
            "hashes": [
                "sha256:0abcef88e010e3b155a6ec5f55ea436dc0e55d4583057806403da1c6995ad8fd",
                "sha256:1f1101b77beb14bd4800f78fc92c4d6383b3a047186c052250e6ef4ace46eaea",
                "sha256:26bbcb58067caf12be985a51da93844f9bb90c4ace44077bb6907b4c004a9877",
                "sha256:296cf245d7c31fdc3a5255d8798ae2932fb06988fbb057fcb8ba0324229ff2d5",
                "sha256:464c6f84e85de891aa792817a9bc97595a2732107b6fb031808d9b3267ce73c0",
                "sha256:59199d9e68279780d80aaa49e0d1008c02664ace5e62c28b380a218d39d2eedc",
                "sha256:644a84e0e8cb7b1e5b1caaf27669a209b3b2b3a4f48e09e84a4fa223eda60bbd",
                "sha256:67272ad1e9b47841cc31ec04ea62fecfe35d2b37af9cbf46ec1c524796670143",
                "sha256:7f580f457f290a2c980ec864d13fa5eb497abf22b940a8914a370a99ff889004",
                "sha256:83244c757406e0068d6b2f6dbb876187e80ab23bfaaa4019c51eaa2824c910ec",
                "sha256:95081c6bb84994116fd489345a7e8081f5125fe78b05e42f876b6c82cc36e6d3",
                "sha256:95579b3344fbdea77d0f2bfab7156e79f3180b13022b099fc74c353ffa739f01",
                "sha256:96907b3782a1d3d49f0455691e0c07e3fac9a8f5ed53862e9a16618f31192be1",
                "sha256:97eff81b23c73a2ea182c04a71e2aa939f3ca493b9b21e4ccbf52eeb000a3a46",
                "sha256:a4fc0e9c2cb266ff0e5eb23bd6d15d12baca5daa9403c82d0b4e8412b43192c0",
                "sha256:b4021c9dc9f168a01a979d052445dc4f6eec5fd5621fb50b611e1cd1031341f6",
                "sha256:c089d0467a1f15ec958517a89cb8f67a578611cac5bff666469583ad9bc19578",
                "sha256:cd7e0172a5cabcde2c90b05b0691654c7d261d1fb3ba62cc3d6584e18097882f",
                "sha256:f0bc33892e6628c7fa671772ed2e632830307ab81c7222170310d04b4e7f95d1",
                "sha256:f385ffa4cb77d4398432340ec29a605499f3cae44752e38cec1886aafa3f243c",
                "sha256:f4fdeb960d4fb6d0da4d8a15d73d3da44b79bc36f27ba83225f6f39c6080c0d4",
                "sha256:fd8d4341aeaf839934ef85b6520ef34836260f21cce041a0445de2b1d0b15616"
            ],
            "version": "==0.15.51"
        },
        "schema-salad": {
            "hashes": [
                "sha256:7bf995a5a34aac49adb2e2f6b1b926afcb21507481371f4227538ebd463d80b1",
                "sha256:cce7ce1383cc0baa81ed6195b227e7da07b51e0fcd6ed697e693fbecf6ce0d5a"
            ],
            "version": "==2.7.20180905124720"
        },
        "shellescape": {
            "hashes": [
                "sha256:3ff2aeb6ce2c5a4e6059fe4a2a745a824f5a3834fe8365a39c5ea691073cfdb6",
                "sha256:e618b2bc13f2553315ca1669995dc10fcc2cae5f1e0fda49035ef02d56f0b358"
            ],
            "version": "==3.4.1"
        },
        "six": {
            "hashes": [
                "sha256:70e8a77beed4562e7f14fe23a786b54f6296e34344c23bc42f07b15018ff98e9",
                "sha256:832dc0e10feb1aa2c68dcc57dbb658f1c7e65b9b61af69048abc87a2db00a0eb"
            ],
            "version": "==1.11.0"
        },
        "smmap2": {
            "hashes": [
                "sha256:0dd53d991af487f9b22774fa89451358da3607c02b9b886a54736c6a313ece0b",
                "sha256:dc216005e529d57007ace27048eb336dcecb7fc413cfb3b2f402bb25972b69c6"
            ],
            "version": "==2.0.4"
        },
        "subprocess32": {
            "hashes": [
                "sha256:24b66882f5f7aaedcd46b4669322e88d639d46c6ce4679ae7f397bbe4fe9a529",
                "sha256:eb2b989cf03ffc7166339eb34f1aa26c5ace255243337b1e22dab7caa1166687"
            ],
            "markers": "python_version != '3.2.*' and python_version != '3.1.*' and python_version < '4' and python_version != '3.0.*' and python_version >= '2.6'",
            "version": "==3.5.2"
        },
        "tabulate": {
            "hashes": [
                "sha256:e4ca13f26d0a6be2a2915428dc21e732f1e44dad7f76d7030b2ef1ec251cf7f2"
            ],
            "version": "==0.8.2"
        },
        "typing-extensions": {
            "hashes": [
                "sha256:1c0a8e3b4ce55207a03dd0dcb98bc47a704c71f14fe4311ec860cc8af8f4bd27",
                "sha256:8b0962ecb92847974514b1724c8ae2b6dd1ffe86bcdfac429517f5e583ada658",
                "sha256:be7b05ddab71727fabf1f071365043cf034e4cdac9cade1f1d61a6cc526aaafe"
            ],
            "version": "==3.6.5"
        },
        "urllib3": {
            "hashes": [
                "sha256:a68ac5e15e76e7e5dd2b8f94007233e01effe3e50e8daddf69acfd81cb686baf",
                "sha256:b5725a0bd4ba422ab0e66e89e030c806576753ea3ee08554382c14e685d117b5"
            ],
            "markers": "python_version != '3.2.*' and python_version != '3.1.*' and python_version != '3.3.*' and python_version < '4' and python_version != '3.0.*' and python_version >= '2.6'",
            "version": "==1.23"
        },
        "werkzeug": {
            "hashes": [
                "sha256:c3fd7a7d41976d9f44db327260e263132466836cef6f91512889ed60ad26557c",
                "sha256:d5da73735293558eb1651ee2fddc4d0dedcfa06538b8813a2e20011583c9e49b"
            ],
            "version": "==0.14.1"
        }
    },
    "develop": {}
}
