{
    "_meta": {
        "hash": {
            "sha256": "b09616d0e83a4daf0539a0247e8082453e21258b67786ed9c31b5cc3a0baf037"
        },
        "pipfile-spec": 6,
        "requires": {
            "python_version": "3.7"
        },
        "sources": [
            {
                "name": "pypi",
                "url": "https://pypi.org/simple",
                "verify_ssl": true
            }
        ]
    },
    "default": {
        "appdirs": {
            "hashes": [
                "sha256:9e5896d1372858f8dd3344faf4e5014d21849c756c8d5701f78f8a103b372d92",
                "sha256:d8b24664561d0d34ddfaec54636d502d7cea6e29c3eaf68f3df6180863e2166e"
            ],
            "version": "==1.4.3"
        },
        "attrs": {
            "hashes": [
                "sha256:10cbf6e27dbce8c30807caf056c8eb50917e0eaafe86347671b57254006c3e69",
                "sha256:ca4be454458f9dec299268d472aaa5a11f67a4ff70093396e1ceae9c76cf4bbb"
            ],
            "version": "==18.2.0"
        },
        "avro-cwl": {
            "hashes": [
                "sha256:0334de2f44166b449bd2ea29d525ffe531146d7e2aad84c2b0eee081f636c7f4",
                "sha256:cefd60eda80360a502d3d81a24d3ea7c9be415d7fd959f2bdf253adcbc5162a9"
            ],
            "markers": "python_version >= '3'",
            "version": "==1.8.4"
        },
        "bagit": {
            "hashes": [
                "sha256:f248a3dad06fd3e5d329217baace6ade79d106579696b13e2c0bbc583101ded4"
            ],
            "version": "==1.7.0"
        },
        "cachecontrol": {
            "hashes": [
                "sha256:8f7829d92584f1f2360ebfff4517ee359787d5b7dfa2ef9579f871b628745a1e"
            ],
            "version": "==0.11.7"
        },
        "certifi": {
            "hashes": [
                "sha256:47f9c83ef4c0c621eaef743f133f09fa8a74a9b75f037e8624f83bd1b6626cb7",
                "sha256:993f830721089fef441cdfeb4b2c8c9df86f0c63239f06bd025a76a7daddb033"
            ],
            "version": "==2018.11.29"
        },
        "chardet": {
            "hashes": [
                "sha256:84ab92ed1c4d4f16916e05906b6b75a6c0fb5db821cc65e70cbd64a3e2a5eaae",
                "sha256:fc323ffcaeaed0e0a02bf4d117757b98aed530d9ed4531e3e15460124c106691"
            ],
            "version": "==3.0.4"
        },
        "click": {
            "hashes": [
                "sha256:2335065e6395b9e67ca716de5f7526736bfa6ceead690adf616d925bdc622b13",
                "sha256:5b94b49521f6456670fdb30cd82a4eca9412788a93fa6dd6df72c94d5a8ff2d7"
            ],
            "version": "==7.0"
        },
        "click-completion": {
            "hashes": [
                "sha256:7600261cda0954b9794bd7afdaab35201be50a8c5404eaa4c0deb20086866c4c"
            ],
            "version": "==0.5.0"
        },
        "cwltool": {
            "hashes": [
                "sha256:316b8e7275c58fb209a4aaf676613f0cca3920e902aff18adbc884dec25c292c",
                "sha256:e7312100fdbf5abe5853b47ce909e25ab5f4ff5307e006a3db866ec11495605e"
            ],
            "version": "==1.0.20181012180214"
        },
        "decorator": {
            "hashes": [
                "sha256:33cd704aea07b4c28b3eb2c97d288a06918275dac0ecebdaf1bc8a48d98adb9e",
                "sha256:cabb249f4710888a2fc0e13e9a16c343d932033718ff62e1e9bc93a9d3a9122b"
            ],
            "version": "==4.3.2"
        },
        "environ-config": {
            "hashes": [
                "sha256:1bdec05c515676e0de2b794c10de4ceee9709b416945646a1f5bed5714a9cc29",
                "sha256:45600572905e9785b0911ce0a563c2a8f6e589824f50d8d3541bd413f432e13e"
            ],
            "version": "==18.2.0"
        },
        "filelock": {
            "hashes": [
                "sha256:b8d5ca5ca1c815e1574aee746650ea7301de63d87935b3463d26368b76e31633",
                "sha256:d610c1bb404daf85976d7a82eb2ada120f04671007266b708606565dd03b5be6"
            ],
            "version": "==3.0.10"
        },
        "future-nodefix": {
            "hashes": [
                "sha256:1e7c6fc8b2532e94fdc60bcfbcc765e36b1ba66e399cfa4960665a776a03fc97",
                "sha256:66404d64aef899cd2e5548b2b52779afec7496905bae0adac78aab26780ed67f"
            ],
            "markers": "python_version >= '3'",
            "version": "==0.17.0"
        },
        "gitdb2": {
            "hashes": [
                "sha256:83361131a1836661a155172932a13c08bda2db3674e4caa32368aa6eb02f38c2",
                "sha256:e3a0141c5f2a3f635c7209d56c496ebe1ad35da82fe4d3ec4aaa36278d70648a"
            ],
            "version": "==2.0.5"
        },
        "gitpython": {
            "hashes": [
                "sha256:563221e5a44369c6b79172f455584c9ebbb122a13368cc82cb4b5addff788f82",
                "sha256:8237dc5bfd6f1366abeee5624111b9d6879393d84745a507de0fda86043b65a8"
            ],
            "version": "==2.1.11"
        },
        "idna": {
            "hashes": [
                "sha256:c357b3f628cf53ae2c4c05627ecc484553142ca23264e593d327bcde5e9c3407",
                "sha256:ea8b7f6188e6fa117537c3df7da9fc686d485087abf6ac197f9c46432f7e4a3c"
            ],
            "version": "==2.8"
        },
        "isodate": {
            "hashes": [
                "sha256:2e364a3d5759479cdb2d37cce6b9376ea504db2ff90252a2e5b7cc89cc9ff2d8",
                "sha256:aa4d33c06640f5352aca96e4b81afd8ab3b47337cc12089822d6f322ac772c81"
            ],
            "version": "==0.6.0"
        },
        "jinja2": {
            "hashes": [
                "sha256:74c935a1b8bb9a3947c50a54766a969d4846290e1e788ea44c1392163723c3bd",
                "sha256:f84be1bb0040caca4cea721fcbbbbd61f9be9464ca236387158b0feea01914a4"
            ],
            "version": "==2.10"
        },
        "lockfile": {
            "hashes": [
                "sha256:6aed02de03cba24efabcd600b30540140634fc06cfa603822d508d5361e9f799",
                "sha256:6c3cb24f344923d30b2785d5ad75182c8ea7ac1b6171b08657258ec7429d50fa"
            ],
            "version": "==0.12.2"
        },
        "lxml": {
            "hashes": [
                "sha256:0537eee4902e8bf4f41bfee8133f7edf96533dd175930a12086d6a40d62376b2",
                "sha256:0562ec748abd230ab87d73384e08fa784f9b9cee89e28696087d2d22c052cc27",
                "sha256:09e91831e749fbf0f24608694e4573be0ef51430229450c39c83176cc2e2d353",
                "sha256:1ae4c0722fc70c0d4fba43ae33c2885f705e96dce1db41f75ae14a2d2749b428",
                "sha256:1c630c083d782cbaf1f7f37f6cac87bda9cff643cf2803a5f180f30d97955cef",
                "sha256:2fe74e3836bd8c0fa7467ffae05545233c7f37de1eb765cacfda15ad20c6574a",
                "sha256:37af783c2667ead34a811037bda56a0b142ac8438f7ed29ae93f82ddb812fbd6",
                "sha256:3f2d9eafbb0b24a33f56acd16f39fc935756524dcb3172892721c54713964c70",
                "sha256:47d8365a8ef14097aa4c65730689be51851b4ade677285a3b2daa03b37893e26",
                "sha256:510e904079bc56ea784677348e151e1156040dbfb736f1d8ea4b9e6d0ab2d9f4",
                "sha256:58d0851da422bba31c7f652a7e9335313cf94a641aa6d73b8f3c67602f75b593",
                "sha256:7940d5c2185ffb989203dacbb28e6ae88b4f1bb25d04e17f94b0edd82232bcbd",
                "sha256:7cf39bb3a905579836f7a8f3a45320d9eb22f16ab0c1e112efb940ced4d057a5",
                "sha256:9563a23c1456c0ab550c087833bc13fcc61013a66c6420921d5b70550ea312bf",
                "sha256:95b392952935947e0786a90b75cc33388549dcb19af716b525dae65b186138fc",
                "sha256:983129f3fd3cef5c3cf067adcca56e30a169656c00fcc6c648629dbb850b27fa",
                "sha256:a0b75b1f1854771844c647c464533def3e0a899dd094a85d1d4ed72ecaaee93d",
                "sha256:b5db89cc0ef624f3a81214b7961a99f443b8c91e88188376b6b322fd10d5b118",
                "sha256:c0a7751ba1a4bfbe7831920d98cee3ce748007eab8dfda74593d44079568219a",
                "sha256:c0c5a7d4aafcc30c9b6d8613a362567e32e5f5b708dc41bc3a81dac56f8af8bb",
                "sha256:d4d63d85eacc6cb37b459b16061e1f100d154bee89dc8d8f9a6128a5a538e92e",
                "sha256:da5e7e941d6e71c9c9a717c93725cda0708c2474f532e3680ac5e39ec57d224d",
                "sha256:dccad2b3c583f036f43f80ac99ee212c2fa9a45151358d55f13004d095e683b2",
                "sha256:df46307d39f2aeaafa1d25309b8a8d11738b73e9861f72d4d0a092528f498baa",
                "sha256:e70b5e1cb48828ddd2818f99b1662cb9226dc6f57d07fc75485405c77da17436",
                "sha256:ea825562b8cd057cbc9810d496b8b5dec37a1e2fc7b27bc7c1e72ce94462a09a"
            ],
            "version": "==4.3.1"
        },
        "markupsafe": {
            "hashes": [
                "sha256:048ef924c1623740e70204aa7143ec592504045ae4429b59c30054cb31e3c432",
                "sha256:130f844e7f5bdd8e9f3f42e7102ef1d49b2e6fdf0d7526df3f87281a532d8c8b",
                "sha256:19f637c2ac5ae9da8bfd98cef74d64b7e1bb8a63038a3505cd182c3fac5eb4d9",
                "sha256:1b8a7a87ad1b92bd887568ce54b23565f3fd7018c4180136e1cf412b405a47af",
                "sha256:1c25694ca680b6919de53a4bb3bdd0602beafc63ff001fea2f2fc16ec3a11834",
                "sha256:1f19ef5d3908110e1e891deefb5586aae1b49a7440db952454b4e281b41620cd",
                "sha256:1fa6058938190ebe8290e5cae6c351e14e7bb44505c4a7624555ce57fbbeba0d",
                "sha256:31cbb1359e8c25f9f48e156e59e2eaad51cd5242c05ed18a8de6dbe85184e4b7",
                "sha256:3e835d8841ae7863f64e40e19477f7eb398674da6a47f09871673742531e6f4b",
                "sha256:4e97332c9ce444b0c2c38dd22ddc61c743eb208d916e4265a2a3b575bdccb1d3",
                "sha256:525396ee324ee2da82919f2ee9c9e73b012f23e7640131dd1b53a90206a0f09c",
                "sha256:52b07fbc32032c21ad4ab060fec137b76eb804c4b9a1c7c7dc562549306afad2",
                "sha256:52ccb45e77a1085ec5461cde794e1aa037df79f473cbc69b974e73940655c8d7",
                "sha256:5c3fbebd7de20ce93103cb3183b47671f2885307df4a17a0ad56a1dd51273d36",
                "sha256:5e5851969aea17660e55f6a3be00037a25b96a9b44d2083651812c99d53b14d1",
                "sha256:5edfa27b2d3eefa2210fb2f5d539fbed81722b49f083b2c6566455eb7422fd7e",
                "sha256:7d263e5770efddf465a9e31b78362d84d015cc894ca2c131901a4445eaa61ee1",
                "sha256:83381342bfc22b3c8c06f2dd93a505413888694302de25add756254beee8449c",
                "sha256:857eebb2c1dc60e4219ec8e98dfa19553dae33608237e107db9c6078b1167856",
                "sha256:98e439297f78fca3a6169fd330fbe88d78b3bb72f967ad9961bcac0d7fdd1550",
                "sha256:bf54103892a83c64db58125b3f2a43df6d2cb2d28889f14c78519394feb41492",
                "sha256:d9ac82be533394d341b41d78aca7ed0e0f4ba5a2231602e2f05aa87f25c51672",
                "sha256:e982fe07ede9fada6ff6705af70514a52beb1b2c3d25d4e873e82114cf3c5401",
                "sha256:edce2ea7f3dfc981c4ddc97add8a61381d9642dc3273737e756517cc03e84dd6",
                "sha256:efdc45ef1afc238db84cb4963aa689c0408912a0239b0721cb172b4016eb31d6",
                "sha256:f137c02498f8b935892d5c0172560d7ab54bc45039de8805075e19079c639a9c",
                "sha256:f82e347a72f955b7017a39708a3667f106e6ad4d10b25f237396a7115d8ed5fd",
                "sha256:fb7c206e01ad85ce57feeaaa0bf784b97fa3cad0d4a5737bc5295785f5c613a1"
            ],
            "version": "==1.1.0"
        },
        "mistune": {
            "hashes": [
                "sha256:59a3429db53c50b5c6bcc8a07f8848cb00d7dc8bdb431a4ab41920d201d4756e",
                "sha256:88a1051873018da288eee8538d476dffe1262495144b33ecb586c4ab266bb8d4"
            ],
            "version": "==0.8.4"
        },
        "mypy-extensions": {
            "hashes": [
                "sha256:37e0e956f41369209a3d5f34580150bcacfabaa57b33a15c0b25f4b5725e0812",
                "sha256:b16cabe759f55e3409a7d231ebd2841378fb0c27a5d1994719e340e4f429ac3e"
            ],
            "version": "==0.4.1"
        },
        "networkx": {
            "hashes": [
                "sha256:45e56f7ab6fe81652fb4bc9f44faddb0e9025f469f602df14e3b2551c2ea5c8b"
            ],
            "version": "==2.2"
        },
        "prov": {
            "hashes": [
                "sha256:5c930cbbd05424aa3066d336dc31d314dd9fa0280caeab064288e592ed716bea",
                "sha256:7a2d72b0df43cd9c6e374d815c8ce3cd5ca371d54f98f837853ac9fcc98aee4c"
            ],
            "version": "==1.5.1"
        },
        "psutil": {
            "hashes": [
                "sha256:5ce6b5eb0267233459f4d3980c205828482f450999b8f5b684d9629fea98782a",
                "sha256:72cebfaa422b7978a1d3632b65ff734a34c6b34f4578b68a5c204d633756b810",
                "sha256:77c231b4dff8c1c329a4cd1c22b96c8976c597017ff5b09993cd148d6a94500c",
                "sha256:8846ab0be0cdccd6cc92ecd1246a16e2f2e49f53bd73e522c3a75ac291e1b51d",
                "sha256:a013b4250ccbddc9d22feca0f986a1afc71717ad026c0f2109bbffd007351191",
                "sha256:ad43b83119eeea6d5751023298cd331637e542cbd332196464799e25a5519f8f",
                "sha256:c177777c787d247d02dae6c855330f9ed3e1abf8ca1744c26dd5ff968949999a",
                "sha256:ec1ef313530a9457e48d25e3fdb1723dfa636008bf1b970027462d46f2555d59",
                "sha256:ef3e5e02b3c5d1df366abe7b4820400d5c427579668ad4465ff189d28ded5ebd"
            ],
            "version": "==5.5.1"
        },
        "pyld": {
            "hashes": [
                "sha256:0c37df9dae757ee56303c7918e0a2147ba0a754523783126b2ad5fdf24d7cefc"
            ],
            "version": "==1.0.4"
        },
        "pyparsing": {
            "hashes": [
                "sha256:66c9268862641abcac4a96ba74506e594c884e3f57690a696d21ad8210ed667a",
                "sha256:f6c5ef0d7480ad048c054c37632c67fca55299990fff127850181659eea33fc3"
            ],
            "version": "==2.3.1"
        },
        "python-dateutil": {
            "hashes": [
                "sha256:7e6584c74aeed623791615e26efd690f29817a27c73085b78e4bad02493df2fb",
                "sha256:c89805f6f4d64db21ed966fda138f8a5ed7a4fdbc1a8ee329ce1b74e3c74da9e"
            ],
            "version": "==2.8.0"
        },
        "pyyaml": {
            "hashes": [
                "sha256:3d7da3009c0f3e783b2c873687652d83b1bbfd5c88e9813fb7e5b03c0dd3108b",
                "sha256:3ef3092145e9b70e3ddd2c7ad59bdd0252a94dfe3949721633e41344de00a6bf",
                "sha256:40c71b8e076d0550b2e6380bada1f1cd1017b882f7e16f09a65be98e017f211a",
                "sha256:558dd60b890ba8fd982e05941927a3911dc409a63dcb8b634feaa0cda69330d3",
                "sha256:a7c28b45d9f99102fa092bb213aa12e0aaf9a6a1f5e395d36166639c1f96c3a1",
                "sha256:aa7dd4a6a427aed7df6fb7f08a580d68d9b118d90310374716ae90b710280af1",
                "sha256:bc558586e6045763782014934bfaf39d48b8ae85a2713117d16c39864085c613",
                "sha256:d46d7982b62e0729ad0175a9bc7e10a566fc07b224d2c79fafb5e032727eaa04",
                "sha256:d5eef459e30b09f5a098b9cea68bebfeb268697f78d647bd255a085371ac7f3f",
                "sha256:e01d3203230e1786cd91ccfdc8f8454c8069c91bee3962ad93b87a4b2860f537",
                "sha256:e170a9e6fcfd19021dd29845af83bb79236068bf5fd4df3327c1be18182b2531"
            ],
            "version": "==3.13"
        },
        "rdflib": {
            "hashes": [
                "sha256:58d5994610105a457cff7fdfe3d683d87786c5028a45ae032982498a7e913d6f",
                "sha256:da1df14552555c5c7715d8ce71c08f404c988c58a1ecd38552d0da4fc261280d"
            ],
            "version": "==4.2.2"
        },
        "rdflib-jsonld": {
            "hashes": [
                "sha256:144774786a2fc7de09b24a9309cbcccc78bc48b152536d2ea1c1df2ad715bc2d"
            ],
            "version": "==0.4.0"
        },
        "renku": {
            "editable": true,
            "path": "."
        },
        "requests": {
            "hashes": [
                "sha256:502a824f31acdacb3a35b6690b5fbf0bc41d63a24a45c4004352b0242707598e",
                "sha256:7bf2a778576d825600030a110f3c0e3e8edc51dfaafe1c146e39a2027784957b"
            ],
            "version": "==2.21.0"
        },
        "ruamel.yaml": {
            "hashes": [
                "sha256:0abcef88e010e3b155a6ec5f55ea436dc0e55d4583057806403da1c6995ad8fd",
                "sha256:1f1101b77beb14bd4800f78fc92c4d6383b3a047186c052250e6ef4ace46eaea",
                "sha256:26bbcb58067caf12be985a51da93844f9bb90c4ace44077bb6907b4c004a9877",
                "sha256:296cf245d7c31fdc3a5255d8798ae2932fb06988fbb057fcb8ba0324229ff2d5",
                "sha256:464c6f84e85de891aa792817a9bc97595a2732107b6fb031808d9b3267ce73c0",
                "sha256:59199d9e68279780d80aaa49e0d1008c02664ace5e62c28b380a218d39d2eedc",
                "sha256:644a84e0e8cb7b1e5b1caaf27669a209b3b2b3a4f48e09e84a4fa223eda60bbd",
                "sha256:67272ad1e9b47841cc31ec04ea62fecfe35d2b37af9cbf46ec1c524796670143",
                "sha256:7f580f457f290a2c980ec864d13fa5eb497abf22b940a8914a370a99ff889004",
                "sha256:83244c757406e0068d6b2f6dbb876187e80ab23bfaaa4019c51eaa2824c910ec",
                "sha256:95081c6bb84994116fd489345a7e8081f5125fe78b05e42f876b6c82cc36e6d3",
                "sha256:95579b3344fbdea77d0f2bfab7156e79f3180b13022b099fc74c353ffa739f01",
                "sha256:96907b3782a1d3d49f0455691e0c07e3fac9a8f5ed53862e9a16618f31192be1",
                "sha256:97eff81b23c73a2ea182c04a71e2aa939f3ca493b9b21e4ccbf52eeb000a3a46",
                "sha256:a4fc0e9c2cb266ff0e5eb23bd6d15d12baca5daa9403c82d0b4e8412b43192c0",
                "sha256:b4021c9dc9f168a01a979d052445dc4f6eec5fd5621fb50b611e1cd1031341f6",
                "sha256:c089d0467a1f15ec958517a89cb8f67a578611cac5bff666469583ad9bc19578",
                "sha256:cd7e0172a5cabcde2c90b05b0691654c7d261d1fb3ba62cc3d6584e18097882f",
                "sha256:f0bc33892e6628c7fa671772ed2e632830307ab81c7222170310d04b4e7f95d1",
                "sha256:f385ffa4cb77d4398432340ec29a605499f3cae44752e38cec1886aafa3f243c",
                "sha256:f4fdeb960d4fb6d0da4d8a15d73d3da44b79bc36f27ba83225f6f39c6080c0d4",
                "sha256:fd8d4341aeaf839934ef85b6520ef34836260f21cce041a0445de2b1d0b15616"
            ],
            "version": "==0.15.51"
        },
        "scandir": {
            "hashes": [
                "sha256:04b8adb105f2ed313a7c2ef0f1cf7aff4871aa7a1883fa4d8c44b5551ab052d6",
                "sha256:1444134990356c81d12f30e4b311379acfbbcd03e0bab591de2696a3b126d58e",
                "sha256:1b5c314e39f596875e5a95dd81af03730b338c277c54a454226978d5ba95dbb6",
                "sha256:346619f72eb0ddc4cf355ceffd225fa52506c92a2ff05318cfabd02a144e7c4e",
                "sha256:44975e209c4827fc18a3486f257154d34ec6eaec0f90fef0cca1caa482db7064",
                "sha256:61859fd7e40b8c71e609c202db5b0c1dbec0d5c7f1449dec2245575bdc866792",
                "sha256:a5e232a0bf188362fa00123cc0bb842d363a292de7126126df5527b6a369586a",
                "sha256:c14701409f311e7a9b7ec8e337f0815baf7ac95776cc78b419a1e6d49889a383",
                "sha256:c7708f29d843fc2764310732e41f0ce27feadde453261859ec0fca7865dfc41b",
                "sha256:c9009c527929f6e25604aec39b0a43c3f831d2947d89d6caaab22f057b7055c8",
                "sha256:f5c71e29b4e2af7ccdc03a020c626ede51da471173b4a6ad1e904f2b2e04b4bd"
            ],
            "version": "==1.9.0"
        },
        "schema-salad": {
            "hashes": [
                "sha256:9c4dc0bb38830e8c324575ee11a2c28a1409361790a5ccabcbf3690475c27c8d",
                "sha256:e6750e18f571bb41fd617fd58f2f5651a30b5ce14bb03c2da815a63c7107162a"
            ],
            "version": "==2.7.20181126142424"
        },
        "shellescape": {
            "hashes": [
                "sha256:3ff2aeb6ce2c5a4e6059fe4a2a745a824f5a3834fe8365a39c5ea691073cfdb6",
                "sha256:e618b2bc13f2553315ca1669995dc10fcc2cae5f1e0fda49035ef02d56f0b358"
            ],
            "version": "==3.4.1"
        },
        "shellingham": {
            "hashes": [
                "sha256:56e6c7f043661a82b276c241c8e62da62cdf710437164cdef75b3f3ac50fb384",
                "sha256:f24a5a01e6c81d04e252fa2ebaa37710af27e7ec9b54692bcddb9303f899101b"
            ],
            "version": "==1.2.8"
        },
        "six": {
            "hashes": [
                "sha256:3350809f0555b11f552448330d0b52d5f24c91a322ea4a15ef22629740f3761c",
                "sha256:d16a0141ec1a18405cd4ce8b4613101da75da0e9a7aec5bdd4fa804d0e0eba73"
            ],
            "version": "==1.12.0"
        },
        "smmap2": {
            "hashes": [
                "sha256:0555a7bf4df71d1ef4218e4807bbf9b201f910174e6e08af2e138d4e517b4dde",
                "sha256:29a9ffa0497e7f2be94ca0ed1ca1aa3cd4cf25a1f6b4f5f87f74b46ed91d609a"
            ],
            "version": "==2.0.5"
        },
        "subprocess32": {
            "hashes": [
                "sha256:24a7f627ef7a5695138601b665057ad131fa26e80d49d5ffa6b4fdb2357a80d3",
                "sha256:6bc82992316eef3ccff319b5033809801c0c3372709c5f6985299c88ac7225c3"
            ],
            "markers": "os_name == 'posix'",
            "version": "==3.5.3"
        },
        "tabulate": {
            "hashes": [
                "sha256:8af07a39377cee1103a5c8b3330a421c2d99b9141e9cc5ddd2e3263fea416943"
            ],
            "version": "==0.8.3"
        },
        "typing-extensions": {
            "hashes": [
                "sha256:07b2c978670896022a43c4b915df8958bec4a6b84add7f2c87b2b728bda3ba64",
                "sha256:f3f0e67e1d42de47b5c67c32c9b26641642e9170fe7e292991793705cd5fef7c",
                "sha256:fb2cd053238d33a8ec939190f30cfd736c00653a85a2919415cecf7dc3d9da71"
            ],
            "version": "==3.7.2"
        },
        "urllib3": {
            "hashes": [
                "sha256:61bf29cada3fc2fbefad4fdf059ea4bd1b4a86d2b6d15e1c7c0b582b9752fe39",
                "sha256:de9529817c93f27c8ccbfead6985011db27bd0ddfcdb2d86f3f663385c6a9c22"
            ],
            "version": "==1.24.1"
        },
        "werkzeug": {
            "hashes": [
                "sha256:c3fd7a7d41976d9f44db327260e263132466836cef6f91512889ed60ad26557c",
                "sha256:d5da73735293558eb1651ee2fddc4d0dedcfa06538b8813a2e20011583c9e49b"
            ],
            "version": "==0.14.1"
        }
    },
    "develop": {}
}
